
Microsoft Visual Studio Solution File, Format Version 12.00
Project("{FAE04EC0-301F-11D3-BF4B-00C04F79EFBC}") = "Tic-Tac-Toe-Kata", "Tic-Tac-Toe-Kata\Tic-Tac-Toe-Kata.csproj", "{A3167FC0-1668-4D5E-A5FB-8DA2DA8040E1}"
EndProject
Project("{FAE04EC0-301F-11D3-BF4B-00C04F79EFBC}") = "Tic-Tac-Toe-Kata.Tests", "Tic-Tac-Toe-Kata.Tests\Tic-Tac-Toe-Kata.Tests.csproj", "{DAD8E3CA-16BD-41BA-91BD-575374C47CEC}"
EndProject
Global
	GlobalSection(SolutionConfigurationPlatforms) = preSolution
		Debug|Any CPU = Debug|Any CPU
		Release|Any CPU = Release|Any CPU
	EndGlobalSection
	GlobalSection(ProjectConfigurationPlatforms) = postSolution
		{A3167FC0-1668-4D5E-A5FB-8DA2DA8040E1}.Debug|Any CPU.ActiveCfg = Debug|Any CPU
		{A3167FC0-1668-4D5E-A5FB-8DA2DA8040E1}.Debug|Any CPU.Build.0 = Debug|Any CPU
		{A3167FC0-1668-4D5E-A5FB-8DA2DA8040E1}.Release|Any CPU.ActiveCfg = Release|Any CPU
		{A3167FC0-1668-4D5E-A5FB-8DA2DA8040E1}.Release|Any CPU.Build.0 = Release|Any CPU
		{DAD8E3CA-16BD-41BA-91BD-575374C47CEC}.Debug|Any CPU.ActiveCfg = Debug|Any CPU
		{DAD8E3CA-16BD-41BA-91BD-575374C47CEC}.Debug|Any CPU.Build.0 = Debug|Any CPU
		{DAD8E3CA-16BD-41BA-91BD-575374C47CEC}.Release|Any CPU.ActiveCfg = Release|Any CPU
		{DAD8E3CA-16BD-41BA-91BD-575374C47CEC}.Release|Any CPU.Build.0 = Release|Any CPU
	EndGlobalSection
EndGlobal
